<?xml version="1.0" encoding="utf-8"?>
<Project ToolsVersion="4.0" xmlns="http://schemas.microsoft.com/developer/msbuild/2003">
  <ItemGroup>
    <Filter Include="소스 파일">
      <UniqueIdentifier>{4FC737F1-C7A5-4376-A066-2A32D752A2FF}</UniqueIdentifier>
      <Extensions>cpp;c;cc;cxx;def;odl;idl;hpj;bat;asm;asmx</Extensions>
    </Filter>
    <Filter Include="헤더 파일">
      <UniqueIdentifier>{93995380-89BD-4b04-88EB-625FBE52EBFB}</UniqueIdentifier>
      <Extensions>h;hh;hpp;hxx;hm;inl;inc;xsd</Extensions>
    </Filter>
    <Filter Include="리소스 파일">
      <UniqueIdentifier>{67DA6AB6-F800-4c08-8B7A-83BB121AAD01}</UniqueIdentifier>
      <Extensions>rc;ico;cur;bmp;dlg;rc2;rct;bin;rgs;gif;jpg;jpeg;jpe;resx;tiff;tif;png;wav;mfcribbon-ms</Extensions>
    </Filter>
    <Filter Include="Caffe_lib">
      <UniqueIdentifier>{86b69826-077e-4c64-9ba0-3d615b0feedb}</UniqueIdentifier>
    </Filter>
    <Filter Include="ARMSDKsrc">
      <UniqueIdentifier>{784bef36-daf4-4481-9c85-c1b7b7692c22}</UniqueIdentifier>
    </Filter>
    <Filter Include="Robot">
      <UniqueIdentifier>{c6c95901-710e-4f0b-9bb7-5e8b0cddd4d4}</UniqueIdentifier>
    </Filter>
    <Filter Include="Simulator">
      <UniqueIdentifier>{2da1bc1c-c73e-431f-b554-295f9bc39f59}</UniqueIdentifier>
    </Filter>
    <Filter Include="HandTracker">
      <UniqueIdentifier>{92e9ab3d-c5e0-413c-8c34-be09e1053ff7}</UniqueIdentifier>
    </Filter>
    <Filter Include="Kinect">
      <UniqueIdentifier>{596bd6d1-db1e-482b-a254-7298b9ed25d5}</UniqueIdentifier>
    </Filter>
  </ItemGroup>
  <ItemGroup>
    <ClCompile Include="main.cpp">
      <Filter>소스 파일</Filter>
    </ClCompile>
    <ClCompile Include="..\..\..\DeepGrasping\src\caffe\layers\batch_norm_layer.cpp">
      <Filter>Caffe_lib</Filter>
    </ClCompile>
    <ClCompile Include="..\..\..\DeepGrasping\src\caffe\layers\depth_concat_layer.cpp">
      <Filter>Caffe_lib</Filter>
    </ClCompile>
    <ClCompile Include="..\..\..\DeepGrasping\src\caffe\layers\gmm_layer.cpp">
      <Filter>Caffe_lib</Filter>
    </ClCompile>
    <ClCompile Include="..\..\..\DeepGrasping\src\caffe\layers\inner_product_layer.cpp">
      <Filter>Caffe_lib</Filter>
    </ClCompile>
    <ClCompile Include="..\..\..\DeepGrasping\src\caffe\layers\spatial_layer.cpp">
      <Filter>Caffe_lib</Filter>
    </ClCompile>
    <ClCompile Include="..\..\..\DeepGrasping\src\caffe\layers\split_layer.cpp">
      <Filter>Caffe_lib</Filter>
    </ClCompile>
    <ClCompile Include="..\..\..\DeepGrasping\src\caffe\layer_factory.cpp">
      <Filter>Caffe_lib</Filter>
    </ClCompile>
    <ClCompile Include="ARMSDKsrc\ARMSDK_Math.cpp">
      <Filter>ARMSDKsrc</Filter>
    </ClCompile>
    <ClCompile Include="ARMSDKsrc\Timer\MotionTimer.cpp">
      <Filter>ARMSDKsrc</Filter>
    </ClCompile>
    <ClCompile Include="ARMSDKsrc\MotionEngine\JointData.cpp">
      <Filter>ARMSDKsrc</Filter>
    </ClCompile>
    <ClCompile Include="ARMSDKsrc\MotionEngine\Kinematics.cpp">
      <Filter>ARMSDKsrc</Filter>
    </ClCompile>
    <ClCompile Include="ARMSDKsrc\MotionEngine\MotionPlay.cpp">
      <Filter>ARMSDKsrc</Filter>
    </ClCompile>
    <ClCompile Include="ARMSDKsrc\MotionEngine\RobotInfo.cpp">
      <Filter>ARMSDKsrc</Filter>
    </ClCompile>
    <ClCompile Include="ARMSDKsrc\MotionEngine\TrajectoryGenerator.cpp">
      <Filter>ARMSDKsrc</Filter>
    </ClCompile>
    <ClCompile Include="SimulatorControl.cpp">
      <Filter>Simulator</Filter>
    </ClCompile>
    <ClCompile Include="RobotVisServer.cpp">
      <Filter>Simulator</Filter>
    </ClCompile>
    <ClCompile Include="Robot\RobotArm.cpp">
      <Filter>Robot</Filter>
    </ClCompile>
    <ClCompile Include="Robot\DynamixelPro.cpp">
      <Filter>Robot</Filter>
    </ClCompile>
    <ClCompile Include="Robot\MX_controller.cpp">
      <Filter>Robot</Filter>
    </ClCompile>
    <ClCompile Include="Kinect\KinectMangerThread.cpp">
      <Filter>Kinect</Filter>
    </ClCompile>
    <ClCompile Include="Kinect\KinectConnecter.cpp">
      <Filter>Kinect</Filter>
    </ClCompile>
    <ClCompile Include="HandTracker\ColorBasedTracker.cpp">
      <Filter>HandTracker</Filter>
    </ClCompile>
    <ClCompile Include="HandTracker\BlobLabeling.cpp">
      <Filter>HandTracker</Filter>
    </ClCompile>
    <ClCompile Include="Robot\RobotManager.cpp">
      <Filter>Robot</Filter>
    </ClCompile>
  </ItemGroup>
  <ItemGroup>
    <ClInclude Include="SimulatorControl.h">
      <Filter>Simulator</Filter>
    </ClInclude>
    <ClInclude Include="RobotVisServer.h">
      <Filter>Simulator</Filter>
    </ClInclude>
    <ClInclude Include="Robot\MX_controller.h">
      <Filter>Robot</Filter>
    </ClInclude>
    <ClInclude Include="Robot\RobotArm.h">
      <Filter>Robot</Filter>
    </ClInclude>
    <ClInclude Include="Robot\dynamixel.h">
      <Filter>Robot</Filter>
    </ClInclude>
    <ClInclude Include="Robot\DynamixelPro.h">
      <Filter>Robot</Filter>
    </ClInclude>
    <ClInclude Include="Kinect\KinectMangerThread.h">
      <Filter>Kinect</Filter>
    </ClInclude>
    <ClInclude Include="Kinect\KinectConnecter.h">
      <Filter>Kinect</Filter>
    </ClInclude>
    <ClInclude Include="stdafx.h">
      <Filter>헤더 파일</Filter>
    </ClInclude>
    <ClInclude Include="HandTracker\ColorBasedTracker.h">
      <Filter>HandTracker</Filter>
    </ClInclude>
    <ClInclude Include="HandTracker\BlobLabeling.h">
      <Filter>HandTracker</Filter>
    </ClInclude>
    <ClInclude Include="Robot\RobotManager.h">
      <Filter>Robot</Filter>
    </ClInclude>
  </ItemGroup>
</Project>